
Microsoft Visual Studio Solution File, Format Version 12.00
# Visual Studio Version 17
VisualStudioVersion = 17.14.36221.1 d17.14
MinimumVisualStudioVersion = 10.0.40219.1
Project("{FAE04EC0-301F-11D3-BF4B-00C04F79EFBC}") = "CalculatorApp", "CalculatorApp\CalculatorApp.csproj", "{7E73FB68-00F6-42CC-B59D-3831B770D368}"
EndProject
Project("{FAE04EC0-301F-11D3-BF4B-00C04F79EFBC}") = "Calculator.Test", "Calculator.Test\Calculator.Test.csproj", "{D3BBDE19-2E58-4429-A655-31F5A0EA70C5}"
EndProject
Global
	GlobalSection(SolutionConfigurationPlatforms) = preSolution
		Debug|Any CPU = Debug|Any CPU
		Release|Any CPU = Release|Any CPU
	EndGlobalSection
	GlobalSection(ProjectConfigurationPlatforms) = postSolution
		{7E73FB68-00F6-42CC-B59D-3831B770D368}.Debug|Any CPU.ActiveCfg = Debug|Any CPU
		{7E73FB68-00F6-42CC-B59D-3831B770D368}.Debug|Any CPU.Build.0 = Debug|Any CPU
		{7E73FB68-00F6-42CC-B59D-3831B770D368}.Release|Any CPU.ActiveCfg = Release|Any CPU
		{7E73FB68-00F6-42CC-B59D-3831B770D368}.Release|Any CPU.Build.0 = Release|Any CPU
		{D3BBDE19-2E58-4429-A655-31F5A0EA70C5}.Debug|Any CPU.ActiveCfg = Debug|Any CPU
		{D3BBDE19-2E58-4429-A655-31F5A0EA70C5}.Debug|Any CPU.Build.0 = Debug|Any CPU
		{D3BBDE19-2E58-4429-A655-31F5A0EA70C5}.Release|Any CPU.ActiveCfg = Release|Any CPU
		{D3BBDE19-2E58-4429-A655-31F5A0EA70C5}.Release|Any CPU.Build.0 = Release|Any CPU
	EndGlobalSection
	GlobalSection(SolutionProperties) = preSolution
		HideSolutionNode = FALSE
	EndGlobalSection
	GlobalSection(ExtensibilityGlobals) = postSolution
		SolutionGuid = {7349CCAD-80CA-40B6-8B2A-8D8DE009027C}
	EndGlobalSection
EndGlobal
